
Microsoft Visual Studio Solution File, Format Version 12.00
# Visual Studio Version 16
VisualStudioVersion = 16.0.31624.102
MinimumVisualStudioVersion = 10.0.40219.1
Project("{FAE04EC0-301F-11D3-BF4B-00C04F79EFBC}") = "CarModelsDemo", "CarModelsDemo.csproj", "{33B7D413-0303-473A-AFCE-F6E9138AA6E4}"
EndProject
Global
	GlobalSection(SolutionConfigurationPlatforms) = preSolution
		Debug|Any CPU = Debug|Any CPU
		Release|Any CPU = Release|Any CPU
	EndGlobalSection
	GlobalSection(ProjectConfigurationPlatforms) = postSolution
		{33B7D413-0303-473A-AFCE-F6E9138AA6E4}.Debug|Any CPU.ActiveCfg = Debug|Any CPU
		{33B7D413-0303-473A-AFCE-F6E9138AA6E4}.Debug|Any CPU.Build.0 = Debug|Any CPU
		{33B7D413-0303-473A-AFCE-F6E9138AA6E4}.Release|Any CPU.ActiveCfg = Release|Any CPU
		{33B7D413-0303-473A-AFCE-F6E9138AA6E4}.Release|Any CPU.Build.0 = Release|Any CPU
	EndGlobalSection
	GlobalSection(SolutionProperties) = preSolution
		HideSolutionNode = FALSE
	EndGlobalSection
	GlobalSection(ExtensibilityGlobals) = postSolution
		SolutionGuid = {C49EC943-8288-4766-AAA3-A7EF1F9FD840}
	EndGlobalSection
EndGlobal
